
Microsoft Visual Studio Solution File, Format Version 12.00
# Visual Studio Version 16
VisualStudioVersion = 16.0.30517.126
MinimumVisualStudioVersion = 10.0.40219.1
Project("{FAE04EC0-301F-11D3-BF4B-00C04F79EFBC}") = "ConsoleApp1", "ConsoleApp1\ConsoleApp1.csproj", "{DFDD4B7E-CC43-46A9-AF91-0420639FBEDF}"
EndProject
Global
	GlobalSection(SolutionConfigurationPlatforms) = preSolution
		Debug|Any CPU = Debug|Any CPU
		Release|Any CPU = Release|Any CPU
	EndGlobalSection
	GlobalSection(ProjectConfigurationPlatforms) = postSolution
		{DFDD4B7E-CC43-46A9-AF91-0420639FBEDF}.Debug|Any CPU.ActiveCfg = Debug|Any CPU
		{DFDD4B7E-CC43-46A9-AF91-0420639FBEDF}.Debug|Any CPU.Build.0 = Debug|Any CPU
		{DFDD4B7E-CC43-46A9-AF91-0420639FBEDF}.Release|Any CPU.ActiveCfg = Release|Any CPU
		{DFDD4B7E-CC43-46A9-AF91-0420639FBEDF}.Release|Any CPU.Build.0 = Release|Any CPU
	EndGlobalSection
	GlobalSection(SolutionProperties) = preSolution
		HideSolutionNode = FALSE
	EndGlobalSection
	GlobalSection(ExtensibilityGlobals) = postSolution
		SolutionGuid = {2EBD4FF7-4F08-4925-AB74-058155C1FD00}
	EndGlobalSection
EndGlobal
